
Microsoft Visual Studio Solution File, Format Version 12.00
# Visual Studio 2012
Project("{FAE04EC0-301F-11D3-BF4B-00C04F79EFBC}") = "HttpMockSocketExceptionSample.AcceptanceTests", "HttpMockSocketExceptionSample.AcceptanceTests\HttpMockSocketExceptionSample.AcceptanceTests.csproj", "{EFA80EF7-CC8C-4DC9-9A1F-A7AB2B1D5692}"
EndProject
Project("{FAE04EC0-301F-11D3-BF4B-00C04F79EFBC}") = "HttpMockSocketExceptionSample", "HttpMockSocketExceptionSample\HttpMockSocketExceptionSample.csproj", "{93ED9307-21AC-42A9-9875-A34AE9BA21D3}"
EndProject
Project("{2150E333-8FDC-42A3-9474-1A3956D46DE8}") = ".nuget", ".nuget", "{2B78B401-7A09-42B3-B32B-4BD9A2EC634E}"
	ProjectSection(SolutionItems) = preProject
		.nuget\NuGet.Config = .nuget\NuGet.Config
		.nuget\NuGet.exe = .nuget\NuGet.exe
		.nuget\NuGet.targets = .nuget\NuGet.targets
	EndProjectSection
EndProject
Global
	GlobalSection(SolutionConfigurationPlatforms) = preSolution
		Debug|Any CPU = Debug|Any CPU
		Release|Any CPU = Release|Any CPU
	EndGlobalSection
	GlobalSection(ProjectConfigurationPlatforms) = postSolution
		{EFA80EF7-CC8C-4DC9-9A1F-A7AB2B1D5692}.Debug|Any CPU.ActiveCfg = Debug|Any CPU
		{EFA80EF7-CC8C-4DC9-9A1F-A7AB2B1D5692}.Debug|Any CPU.Build.0 = Debug|Any CPU
		{EFA80EF7-CC8C-4DC9-9A1F-A7AB2B1D5692}.Release|Any CPU.ActiveCfg = Release|Any CPU
		{EFA80EF7-CC8C-4DC9-9A1F-A7AB2B1D5692}.Release|Any CPU.Build.0 = Release|Any CPU
		{93ED9307-21AC-42A9-9875-A34AE9BA21D3}.Debug|Any CPU.ActiveCfg = Debug|Any CPU
		{93ED9307-21AC-42A9-9875-A34AE9BA21D3}.Debug|Any CPU.Build.0 = Debug|Any CPU
		{93ED9307-21AC-42A9-9875-A34AE9BA21D3}.Release|Any CPU.ActiveCfg = Release|Any CPU
		{93ED9307-21AC-42A9-9875-A34AE9BA21D3}.Release|Any CPU.Build.0 = Release|Any CPU
	EndGlobalSection
	GlobalSection(SolutionProperties) = preSolution
		HideSolutionNode = FALSE
	EndGlobalSection
EndGlobal
